
Microsoft Visual Studio Solution File, Format Version 12.00
# Visual Studio Version 16
VisualStudioVersion = 16.0.31313.79
MinimumVisualStudioVersion = 10.0.40219.1
Project("{8BC9CEB8-8B4A-11D0-8D11-00A0C91BC942}") = "Yandex white belt project c++", "Yandex white belt project c++.vcxproj", "{58C78704-E2B9-40F6-8015-7B955FFB1649}"
EndProject
Global
	GlobalSection(SolutionConfigurationPlatforms) = preSolution
		Debug|x64 = Debug|x64
		Debug|x86 = Debug|x86
		Release|x64 = Release|x64
		Release|x86 = Release|x86
	EndGlobalSection
	GlobalSection(ProjectConfigurationPlatforms) = postSolution
		{58C78704-E2B9-40F6-8015-7B955FFB1649}.Debug|x64.ActiveCfg = Debug|x64
		{58C78704-E2B9-40F6-8015-7B955FFB1649}.Debug|x64.Build.0 = Debug|x64
		{58C78704-E2B9-40F6-8015-7B955FFB1649}.Debug|x86.ActiveCfg = Debug|Win32
		{58C78704-E2B9-40F6-8015-7B955FFB1649}.Debug|x86.Build.0 = Debug|Win32
		{58C78704-E2B9-40F6-8015-7B955FFB1649}.Release|x64.ActiveCfg = Release|x64
		{58C78704-E2B9-40F6-8015-7B955FFB1649}.Release|x64.Build.0 = Release|x64
		{58C78704-E2B9-40F6-8015-7B955FFB1649}.Release|x86.ActiveCfg = Release|Win32
		{58C78704-E2B9-40F6-8015-7B955FFB1649}.Release|x86.Build.0 = Release|Win32
	EndGlobalSection
	GlobalSection(SolutionProperties) = preSolution
		HideSolutionNode = FALSE
	EndGlobalSection
	GlobalSection(ExtensibilityGlobals) = postSolution
		SolutionGuid = {731F2E3A-D364-4980-BB41-036128056210}
	EndGlobalSection
EndGlobal
